{
  "name": "GameOfLife",
  "lockfileVersion": 3,
  "requires": true,
  "packages": {
    "": {
      "dependencies": {
        "brython": "^3.13.1"
      }
    },
    "node_modules/brython": {
      "version": "3.13.1",
      "resolved": "https://registry.npmjs.org/brython/-/brython-3.13.1.tgz",
      "integrity": "sha512-QqnLnskax77EFz75KttyU1Y/0O2/fYrL6yOWKKNPd5TiqZmupx3ihZCv+W1YnNSJJD4C+ofuc5MQEUWb2zSP9Q=="
    }
  }
}
